
Microsoft Visual Studio Solution File, Format Version 12.00
# Visual Studio Version 17
VisualStudioVersion = 17.14.36212.18 d17.14
MinimumVisualStudioVersion = 10.0.40219.1
Project("{888888A0-9F3D-457C-B088-3A5042F75D52}") = "Python-AI", "Python-AI.pyproj", "{F3CE7831-63A0-4AAC-88AF-58DB9341B49B}"
EndProject
Global
	GlobalSection(SolutionConfigurationPlatforms) = preSolution
		Debug|Any CPU = Debug|Any CPU
		Release|Any CPU = Release|Any CPU
	EndGlobalSection
	GlobalSection(ProjectConfigurationPlatforms) = postSolution
		{F3CE7831-63A0-4AAC-88AF-58DB9341B49B}.Debug|Any CPU.ActiveCfg = Debug|Any CPU
		{F3CE7831-63A0-4AAC-88AF-58DB9341B49B}.Release|Any CPU.ActiveCfg = Release|Any CPU
	EndGlobalSection
	GlobalSection(SolutionProperties) = preSolution
		HideSolutionNode = FALSE
	EndGlobalSection
	GlobalSection(ExtensibilityGlobals) = postSolution
		SolutionGuid = {869534BB-F6DC-4173-B3C6-3BF8FD2B6080}
	EndGlobalSection
EndGlobal
