Microsoft Visual Studio Solution File, Format Version 12.00
# Visual Studio Version 17
VisualStudioVersion = 17.13.35931.197
MinimumVisualStudioVersion = 10.0.40219.1
Project("{888888A0-9F3D-457C-B088-3A5042F75D52}") = "SqlClassLib", "SqlClassLib\SqlClassLib.pyproj", "{CEDABA95-03B2-4EC3-AEA8-1268FA6899DB}"
EndProject
Global
	GlobalSection(SolutionConfigurationPlatforms) = preSolution
		Debug|Any CPU = Debug|Any CPU
		Release|Any CPU = Release|Any CPU
	EndGlobalSection
	GlobalSection(ProjectConfigurationPlatforms) = postSolution
		{CEDABA95-03B2-4EC3-AEA8-1268FA6899DB}.Debug|Any CPU.ActiveCfg = Debug|Any CPU
		{CEDABA95-03B2-4EC3-AEA8-1268FA6899DB}.Release|Any CPU.ActiveCfg = Release|Any CPU
	EndGlobalSection
	GlobalSection(SolutionProperties) = preSolution
		HideSolutionNode = FALSE
	EndGlobalSection
	GlobalSection(ExtensibilityGlobals) = postSolution
		SolutionGuid = {222702E6-54F8-428E-A969-54988BC385E9}
	EndGlobalSection
EndGlobal
